
Microsoft Visual Studio Solution File, Format Version 12.00
# Visual Studio Version 16
Project("{8BC9CEB8-8B4A-11D0-8D11-00A0C91BC942}") = "ALL_BUILD", "ALL_BUILD.vcxproj", "{D51B5CA4-83C6-3480-AC5A-46D3C2A5CB8B}"
	ProjectSection(ProjectDependencies) = postProject
		{97701317-01E3-3C9B-ABA8-553D0F3E4EAA} = {97701317-01E3-3C9B-ABA8-553D0F3E4EAA}
		{0A66FBF3-6AA0-36A0-B1AE-AA876B013DE3} = {0A66FBF3-6AA0-36A0-B1AE-AA876B013DE3}
		{48AFBF1D-0876-3989-9106-FB35288E00F7} = {48AFBF1D-0876-3989-9106-FB35288E00F7}
		{83D7521A-F51A-33A5-B8F8-37BCD864CFC4} = {83D7521A-F51A-33A5-B8F8-37BCD864CFC4}
	EndProjectSection
EndProject
Project("{8BC9CEB8-8B4A-11D0-8D11-00A0C91BC942}") = "INSTALL", "INSTALL.vcxproj", "{2CBAE241-BA69-3681-B30C-4BF9F2EBEAF6}"
	ProjectSection(ProjectDependencies) = postProject
		{D51B5CA4-83C6-3480-AC5A-46D3C2A5CB8B} = {D51B5CA4-83C6-3480-AC5A-46D3C2A5CB8B}
		{83D7521A-F51A-33A5-B8F8-37BCD864CFC4} = {83D7521A-F51A-33A5-B8F8-37BCD864CFC4}
	EndProjectSection
EndProject
Project("{8BC9CEB8-8B4A-11D0-8D11-00A0C91BC942}") = "SDL2", "SDL2.vcxproj", "{97701317-01E3-3C9B-ABA8-553D0F3E4EAA}"
	ProjectSection(ProjectDependencies) = postProject
		{83D7521A-F51A-33A5-B8F8-37BCD864CFC4} = {83D7521A-F51A-33A5-B8F8-37BCD864CFC4}
	EndProjectSection
EndProject
Project("{8BC9CEB8-8B4A-11D0-8D11-00A0C91BC942}") = "SDL2-static", "SDL2-static.vcxproj", "{0A66FBF3-6AA0-36A0-B1AE-AA876B013DE3}"
	ProjectSection(ProjectDependencies) = postProject
		{83D7521A-F51A-33A5-B8F8-37BCD864CFC4} = {83D7521A-F51A-33A5-B8F8-37BCD864CFC4}
	EndProjectSection
EndProject
Project("{8BC9CEB8-8B4A-11D0-8D11-00A0C91BC942}") = "SDL2main", "SDL2main.vcxproj", "{48AFBF1D-0876-3989-9106-FB35288E00F7}"
	ProjectSection(ProjectDependencies) = postProject
		{83D7521A-F51A-33A5-B8F8-37BCD864CFC4} = {83D7521A-F51A-33A5-B8F8-37BCD864CFC4}
	EndProjectSection
EndProject
Project("{8BC9CEB8-8B4A-11D0-8D11-00A0C91BC942}") = "ZERO_CHECK", "ZERO_CHECK.vcxproj", "{83D7521A-F51A-33A5-B8F8-37BCD864CFC4}"
	ProjectSection(ProjectDependencies) = postProject
	EndProjectSection
EndProject
Project("{8BC9CEB8-8B4A-11D0-8D11-00A0C91BC942}") = "uninstall", "uninstall.vcxproj", "{27835A30-79BE-36E9-B02F-E04655E14D33}"
	ProjectSection(ProjectDependencies) = postProject
		{83D7521A-F51A-33A5-B8F8-37BCD864CFC4} = {83D7521A-F51A-33A5-B8F8-37BCD864CFC4}
	EndProjectSection
EndProject
Global
	GlobalSection(SolutionConfigurationPlatforms) = preSolution
		Debug|x64 = Debug|x64
		Release|x64 = Release|x64
		MinSizeRel|x64 = MinSizeRel|x64
		RelWithDebInfo|x64 = RelWithDebInfo|x64
	EndGlobalSection
	GlobalSection(ProjectConfigurationPlatforms) = postSolution
		{D51B5CA4-83C6-3480-AC5A-46D3C2A5CB8B}.Debug|x64.ActiveCfg = Debug|x64
		{D51B5CA4-83C6-3480-AC5A-46D3C2A5CB8B}.Debug|x64.Build.0 = Debug|x64
		{D51B5CA4-83C6-3480-AC5A-46D3C2A5CB8B}.Release|x64.ActiveCfg = Release|x64
		{D51B5CA4-83C6-3480-AC5A-46D3C2A5CB8B}.Release|x64.Build.0 = Release|x64
		{D51B5CA4-83C6-3480-AC5A-46D3C2A5CB8B}.MinSizeRel|x64.ActiveCfg = MinSizeRel|x64
		{D51B5CA4-83C6-3480-AC5A-46D3C2A5CB8B}.MinSizeRel|x64.Build.0 = MinSizeRel|x64
		{D51B5CA4-83C6-3480-AC5A-46D3C2A5CB8B}.RelWithDebInfo|x64.ActiveCfg = RelWithDebInfo|x64
		{D51B5CA4-83C6-3480-AC5A-46D3C2A5CB8B}.RelWithDebInfo|x64.Build.0 = RelWithDebInfo|x64
		{2CBAE241-BA69-3681-B30C-4BF9F2EBEAF6}.Debug|x64.ActiveCfg = Debug|x64
		{2CBAE241-BA69-3681-B30C-4BF9F2EBEAF6}.Release|x64.ActiveCfg = Release|x64
		{2CBAE241-BA69-3681-B30C-4BF9F2EBEAF6}.MinSizeRel|x64.ActiveCfg = MinSizeRel|x64
		{2CBAE241-BA69-3681-B30C-4BF9F2EBEAF6}.RelWithDebInfo|x64.ActiveCfg = RelWithDebInfo|x64
		{97701317-01E3-3C9B-ABA8-553D0F3E4EAA}.Debug|x64.ActiveCfg = Debug|x64
		{97701317-01E3-3C9B-ABA8-553D0F3E4EAA}.Debug|x64.Build.0 = Debug|x64
		{97701317-01E3-3C9B-ABA8-553D0F3E4EAA}.Release|x64.ActiveCfg = Release|x64
		{97701317-01E3-3C9B-ABA8-553D0F3E4EAA}.Release|x64.Build.0 = Release|x64
		{97701317-01E3-3C9B-ABA8-553D0F3E4EAA}.MinSizeRel|x64.ActiveCfg = MinSizeRel|x64
		{97701317-01E3-3C9B-ABA8-553D0F3E4EAA}.MinSizeRel|x64.Build.0 = MinSizeRel|x64
		{97701317-01E3-3C9B-ABA8-553D0F3E4EAA}.RelWithDebInfo|x64.ActiveCfg = RelWithDebInfo|x64
		{97701317-01E3-3C9B-ABA8-553D0F3E4EAA}.RelWithDebInfo|x64.Build.0 = RelWithDebInfo|x64
		{0A66FBF3-6AA0-36A0-B1AE-AA876B013DE3}.Debug|x64.ActiveCfg = Debug|x64
		{0A66FBF3-6AA0-36A0-B1AE-AA876B013DE3}.Debug|x64.Build.0 = Debug|x64
		{0A66FBF3-6AA0-36A0-B1AE-AA876B013DE3}.Release|x64.ActiveCfg = Release|x64
		{0A66FBF3-6AA0-36A0-B1AE-AA876B013DE3}.Release|x64.Build.0 = Release|x64
		{0A66FBF3-6AA0-36A0-B1AE-AA876B013DE3}.MinSizeRel|x64.ActiveCfg = MinSizeRel|x64
		{0A66FBF3-6AA0-36A0-B1AE-AA876B013DE3}.MinSizeRel|x64.Build.0 = MinSizeRel|x64
		{0A66FBF3-6AA0-36A0-B1AE-AA876B013DE3}.RelWithDebInfo|x64.ActiveCfg = RelWithDebInfo|x64
		{0A66FBF3-6AA0-36A0-B1AE-AA876B013DE3}.RelWithDebInfo|x64.Build.0 = RelWithDebInfo|x64
		{48AFBF1D-0876-3989-9106-FB35288E00F7}.Debug|x64.ActiveCfg = Debug|x64
		{48AFBF1D-0876-3989-9106-FB35288E00F7}.Debug|x64.Build.0 = Debug|x64
		{48AFBF1D-0876-3989-9106-FB35288E00F7}.Release|x64.ActiveCfg = Release|x64
		{48AFBF1D-0876-3989-9106-FB35288E00F7}.Release|x64.Build.0 = Release|x64
		{48AFBF1D-0876-3989-9106-FB35288E00F7}.MinSizeRel|x64.ActiveCfg = MinSizeRel|x64
		{48AFBF1D-0876-3989-9106-FB35288E00F7}.MinSizeRel|x64.Build.0 = MinSizeRel|x64
		{48AFBF1D-0876-3989-9106-FB35288E00F7}.RelWithDebInfo|x64.ActiveCfg = RelWithDebInfo|x64
		{48AFBF1D-0876-3989-9106-FB35288E00F7}.RelWithDebInfo|x64.Build.0 = RelWithDebInfo|x64
		{83D7521A-F51A-33A5-B8F8-37BCD864CFC4}.Debug|x64.ActiveCfg = Debug|x64
		{83D7521A-F51A-33A5-B8F8-37BCD864CFC4}.Debug|x64.Build.0 = Debug|x64
		{83D7521A-F51A-33A5-B8F8-37BCD864CFC4}.Release|x64.ActiveCfg = Release|x64
		{83D7521A-F51A-33A5-B8F8-37BCD864CFC4}.Release|x64.Build.0 = Release|x64
		{83D7521A-F51A-33A5-B8F8-37BCD864CFC4}.MinSizeRel|x64.ActiveCfg = MinSizeRel|x64
		{83D7521A-F51A-33A5-B8F8-37BCD864CFC4}.MinSizeRel|x64.Build.0 = MinSizeRel|x64
		{83D7521A-F51A-33A5-B8F8-37BCD864CFC4}.RelWithDebInfo|x64.ActiveCfg = RelWithDebInfo|x64
		{83D7521A-F51A-33A5-B8F8-37BCD864CFC4}.RelWithDebInfo|x64.Build.0 = RelWithDebInfo|x64
		{27835A30-79BE-36E9-B02F-E04655E14D33}.Debug|x64.ActiveCfg = Debug|x64
		{27835A30-79BE-36E9-B02F-E04655E14D33}.Release|x64.ActiveCfg = Release|x64
		{27835A30-79BE-36E9-B02F-E04655E14D33}.MinSizeRel|x64.ActiveCfg = MinSizeRel|x64
		{27835A30-79BE-36E9-B02F-E04655E14D33}.RelWithDebInfo|x64.ActiveCfg = RelWithDebInfo|x64
	EndGlobalSection
	GlobalSection(ExtensibilityGlobals) = postSolution
		SolutionGuid = {483B1CED-4E7E-389E-9DDD-A93E0DD6A45A}
	EndGlobalSection
	GlobalSection(ExtensibilityAddIns) = postSolution
	EndGlobalSection
EndGlobal
