<?xml version="1.0" encoding="utf-8"?>
<Project ToolsVersion="16.0" xmlns="http://schemas.microsoft.com/developer/msbuild/2003">
  <ItemGroup>
    <CustomBuild Include="C:\Users\Kimor\source\repos\0 - Ongoing\Insanity_Engine\Projects\SDL2-2.0.16\Project\CMakeFiles\60a0019ef998a76edeb69c1d382d4594\generate.stamp.rule">
      <Filter>CMake Rules</Filter>
    </CustomBuild>
  </ItemGroup>
  <ItemGroup>
    <Filter Include="CMake Rules">
      <UniqueIdentifier>{1F1858B5-D9B9-3FDB-A5BA-8ADF8BCCDB90}</UniqueIdentifier>
    </Filter>
  </ItemGroup>
</Project>
